// !$*UTF8*$!
{
	archiveVersion = 1;
	classes = {
	};
	objectVersion = 46;
	objects = {

/* Begin PBXBuildFile section */
		467A5CA61FAECA150066CF75 /* main.m in Sources */ = {isa = PBXBuildFile; fileRef = 467A5CA51FAECA150066CF75 /* main.m */; };
		467A5CA91FAECA150066CF75 /* AppDelegate.m in Sources */ = {isa = PBXBuildFile; fileRef = 467A5CA81FAECA150066CF75 /* AppDelegate.m */; };
		467A5CAC1FAECA150066CF75 /* ViewController.m in Sources */ = {isa = PBXBuildFile; fileRef = 467A5CAB1FAECA150066CF75 /* ViewController.m */; };
		467A5CAF1FAECA150066CF75 /* Main.storyboard in Resources */ = {isa = PBXBuildFile; fileRef = 467A5CAD1FAECA150066CF75 /* Main.storyboard */; };
		467A5CB11FAECA150066CF75 /* Assets.xcassets in Resources */ = {isa = PBXBuildFile; fileRef = 467A5CB01FAECA150066CF75 /* Assets.xcassets */; };
		467A5CB41FAECA150066CF75 /* LaunchScreen.storyboard in Resources */ = {isa = PBXBuildFile; fileRef = 467A5CB21FAECA150066CF75 /* LaunchScreen.storyboard */; };
		467A5CBF1FAECA150066CF75 /* BoundingRectTests.m in Sources */ = {isa = PBXBuildFile; fileRef = 467A5CBE1FAECA150066CF75 /* BoundingRectTests.m */; };
		467A5CCA1FAECA150066CF75 /* BoundingRectUITests.m in Sources */ = {isa = PBXBuildFile; fileRef = 467A5CC91FAECA150066CF75 /* BoundingRectUITests.m */; };
		467A5CDB1FAECA6A0066CF75 /* NSAttributedString+BoundingRect.m in Sources */ = {isa = PBXBuildFile; fileRef = 467A5CD81FAECA6A0066CF75 /* NSAttributedString+BoundingRect.m */; };
		467A5CDC1FAECA6A0066CF75 /* NSString+BoundingRect.m in Sources */ = {isa = PBXBuildFile; fileRef = 467A5CDA1FAECA6A0066CF75 /* NSString+BoundingRect.m */; };
/* End PBXBuildFile section */

/* Begin PBXContainerItemProxy section */
		467A5CBB1FAECA150066CF75 /* PBXContainerItemProxy */ = {
			isa = PBXContainerItemProxy;
			containerPortal = 467A5C991FAECA150066CF75 /* Project object */;
			proxyType = 1;
			remoteGlobalIDString = 467A5CA01FAECA150066CF75;
			remoteInfo = BoundingRect;
		};
		467A5CC61FAECA150066CF75 /* PBXContainerItemProxy */ = {
			isa = PBXContainerItemProxy;
			containerPortal = 467A5C991FAECA150066CF75 /* Project object */;
			proxyType = 1;
			remoteGlobalIDString = 467A5CA01FAECA150066CF75;
			remoteInfo = BoundingRect;
		};
/* End PBXContainerItemProxy section */

/* Begin PBXFileReference section */
		467A5CA11FAECA150066CF75 /* BoundingRect.app */ = {isa = PBXFileReference; explicitFileType = wrapper.application; includeInIndex = 0; path = BoundingRect.app; sourceTree = BUILT_PRODUCTS_DIR; };
		467A5CA51FAECA150066CF75 /* main.m */ = {isa = PBXFileReference; lastKnownFileType = sourcecode.c.objc; path = main.m; sourceTree = "<group>"; };
		467A5CA71FAECA150066CF75 /* AppDelegate.h */ = {isa = PBXFileReference; lastKnownFileType = sourcecode.c.h; path = AppDelegate.h; sourceTree = "<group>"; };
		467A5CA81FAECA150066CF75 /* AppDelegate.m */ = {isa = PBXFileReference; lastKnownFileType = sourcecode.c.objc; path = AppDelegate.m; sourceTree = "<group>"; };
		467A5CAA1FAECA150066CF75 /* ViewController.h */ = {isa = PBXFileReference; lastKnownFileType = sourcecode.c.h; path = ViewController.h; sourceTree = "<group>"; };
		467A5CAB1FAECA150066CF75 /* ViewController.m */ = {isa = PBXFileReference; lastKnownFileType = sourcecode.c.objc; path = ViewController.m; sourceTree = "<group>"; };
		467A5CAE1FAECA150066CF75 /* Base */ = {isa = PBXFileReference; lastKnownFileType = file.storyboard; name = Base; path = Base.lproj/Main.storyboard; sourceTree = "<group>"; };
		467A5CB01FAECA150066CF75 /* Assets.xcassets */ = {isa = PBXFileReference; lastKnownFileType = folder.assetcatalog; path = Assets.xcassets; sourceTree = "<group>"; };
		467A5CB31FAECA150066CF75 /* Base */ = {isa = PBXFileReference; lastKnownFileType = file.storyboard; name = Base; path = Base.lproj/LaunchScreen.storyboard; sourceTree = "<group>"; };
		467A5CB51FAECA150066CF75 /* Info.plist */ = {isa = PBXFileReference; lastKnownFileType = text.plist.xml; path = Info.plist; sourceTree = "<group>"; };
		467A5CBA1FAECA150066CF75 /* BoundingRectTests.xctest */ = {isa = PBXFileReference; explicitFileType = wrapper.cfbundle; includeInIndex = 0; path = BoundingRectTests.xctest; sourceTree = BUILT_PRODUCTS_DIR; };
		467A5CBE1FAECA150066CF75 /* BoundingRectTests.m */ = {isa = PBXFileReference; lastKnownFileType = sourcecode.c.objc; path = BoundingRectTests.m; sourceTree = "<group>"; };
		467A5CC01FAECA150066CF75 /* Info.plist */ = {isa = PBXFileReference; lastKnownFileType = text.plist.xml; path = Info.plist; sourceTree = "<group>"; };
		467A5CC51FAECA150066CF75 /* BoundingRectUITests.xctest */ = {isa = PBXFileReference; explicitFileType = wrapper.cfbundle; includeInIndex = 0; path = BoundingRectUITests.xctest; sourceTree = BUILT_PRODUCTS_DIR; };
		467A5CC91FAECA150066CF75 /* BoundingRectUITests.m */ = {isa = PBXFileReference; lastKnownFileType = sourcecode.c.objc; path = BoundingRectUITests.m; sourceTree = "<group>"; };
		467A5CCB1FAECA150066CF75 /* Info.plist */ = {isa = PBXFileReference; lastKnownFileType = text.plist.xml; path = Info.plist; sourceTree = "<group>"; };
		467A5CD71FAECA6A0066CF75 /* NSAttributedString+BoundingRect.h */ = {isa = PBXFileReference; fileEncoding = 4; lastKnownFileType = sourcecode.c.h; path = "NSAttributedString+BoundingRect.h"; sourceTree = "<group>"; };
		467A5CD81FAECA6A0066CF75 /* NSAttributedString+BoundingRect.m */ = {isa = PBXFileReference; fileEncoding = 4; lastKnownFileType = sourcecode.c.objc; path = "NSAttributedString+BoundingRect.m"; sourceTree = "<group>"; };
		467A5CD91FAECA6A0066CF75 /* NSString+BoundingRect.h */ = {isa = PBXFileReference; fileEncoding = 4; lastKnownFileType = sourcecode.c.h; path = "NSString+BoundingRect.h"; sourceTree = "<group>"; };
		467A5CDA1FAECA6A0066CF75 /* NSString+BoundingRect.m */ = {isa = PBXFileReference; fileEncoding = 4; lastKnownFileType = sourcecode.c.objc; path = "NSString+BoundingRect.m"; sourceTree = "<group>"; };
/* End PBXFileReference section */

/* Begin PBXFrameworksBuildPhase section */
		467A5C9E1FAECA150066CF75 /* Frameworks */ = {
			isa = PBXFrameworksBuildPhase;
			buildActionMask = 2147483647;
			files = (
			);
			runOnlyForDeploymentPostprocessing = 0;
		};
		467A5CB71FAECA150066CF75 /* Frameworks */ = {
			isa = PBXFrameworksBuildPhase;
			buildActionMask = 2147483647;
			files = (
			);
			runOnlyForDeploymentPostprocessing = 0;
		};
		467A5CC21FAECA150066CF75 /* Frameworks */ = {
			isa = PBXFrameworksBuildPhase;
			buildActionMask = 2147483647;
			files = (
			);
			runOnlyForDeploymentPostprocessing = 0;
		};
/* End PBXFrameworksBuildPhase section */

/* Begin PBXGroup section */
		467A5C981FAECA150066CF75 = {
			isa = PBXGroup;
			children = (
				467A5CA31FAECA150066CF75 /* BoundingRect */,
				467A5CBD1FAECA150066CF75 /* BoundingRectTests */,
				467A5CC81FAECA150066CF75 /* BoundingRectUITests */,
				467A5CA21FAECA150066CF75 /* Products */,
			);
			sourceTree = "<group>";
		};
		467A5CA21FAECA150066CF75 /* Products */ = {
			isa = PBXGroup;
			children = (
				467A5CA11FAECA150066CF75 /* BoundingRect.app */,
				467A5CBA1FAECA150066CF75 /* BoundingRectTests.xctest */,
				467A5CC51FAECA150066CF75 /* BoundingRectUITests.xctest */,
			);
			name = Products;
			sourceTree = "<group>";
		};
		467A5CA31FAECA150066CF75 /* BoundingRect */ = {
			isa = PBXGroup;
			children = (
				467A5CA71FAECA150066CF75 /* AppDelegate.h */,
				467A5CA81FAECA150066CF75 /* AppDelegate.m */,
				467A5CAA1FAECA150066CF75 /* ViewController.h */,
				467A5CAB1FAECA150066CF75 /* ViewController.m */,
				467A5CD71FAECA6A0066CF75 /* NSAttributedString+BoundingRect.h */,
				467A5CD81FAECA6A0066CF75 /* NSAttributedString+BoundingRect.m */,
				467A5CD91FAECA6A0066CF75 /* NSString+BoundingRect.h */,
				467A5CDA1FAECA6A0066CF75 /* NSString+BoundingRect.m */,
				467A5CAD1FAECA150066CF75 /* Main.storyboard */,
				467A5CB01FAECA150066CF75 /* Assets.xcassets */,
				467A5CB21FAECA150066CF75 /* LaunchScreen.storyboard */,
				467A5CB51FAECA150066CF75 /* Info.plist */,
				467A5CA41FAECA150066CF75 /* Supporting Files */,
			);
			path = BoundingRect;
			sourceTree = "<group>";
		};
		467A5CA41FAECA150066CF75 /* Supporting Files */ = {
			isa = PBXGroup;
			children = (
				467A5CA51FAECA150066CF75 /* main.m */,
			);
			name = "Supporting Files";
			sourceTree = "<group>";
		};
		467A5CBD1FAECA150066CF75 /* BoundingRectTests */ = {
			isa = PBXGroup;
			children = (
				467A5CBE1FAECA150066CF75 /* BoundingRectTests.m */,
				467A5CC01FAECA150066CF75 /* Info.plist */,
			);
			path = BoundingRectTests;
			sourceTree = "<group>";
		};
		467A5CC81FAECA150066CF75 /* BoundingRectUITests */ = {
			isa = PBXGroup;
			children = (
				467A5CC91FAECA150066CF75 /* BoundingRectUITests.m */,
				467A5CCB1FAECA150066CF75 /* Info.plist */,
			);
			path = BoundingRectUITests;
			sourceTree = "<group>";
		};
/* End PBXGroup section */

/* Begin PBXNativeTarget section */
		467A5CA01FAECA150066CF75 /* BoundingRect */ = {
			isa = PBXNativeTarget;
			buildConfigurationList = 467A5CCE1FAECA150066CF75 /* Build configuration list for PBXNativeTarget "BoundingRect" */;
			buildPhases = (
				467A5C9D1FAECA150066CF75 /* Sources */,
				467A5C9E1FAECA150066CF75 /* Frameworks */,
				467A5C9F1FAECA150066CF75 /* Resources */,
			);
			buildRules = (
			);
			dependencies = (
			);
			name = BoundingRect;
			productName = BoundingRect;
			productReference = 467A5CA11FAECA150066CF75 /* BoundingRect.app */;
			productType = "com.apple.product-type.application";
		};
		467A5CB91FAECA150066CF75 /* BoundingRectTests */ = {
			isa = PBXNativeTarget;
			buildConfigurationList = 467A5CD11FAECA150066CF75 /* Build configuration list for PBXNativeTarget "BoundingRectTests" */;
			buildPhases = (
				467A5CB61FAECA150066CF75 /* Sources */,
				467A5CB71FAECA150066CF75 /* Frameworks */,
				467A5CB81FAECA150066CF75 /* Resources */,
			);
			buildRules = (
			);
			dependencies = (
				467A5CBC1FAECA150066CF75 /* PBXTargetDependency */,
			);
			name = BoundingRectTests;
			productName = BoundingRectTests;
			productReference = 467A5CBA1FAECA150066CF75 /* BoundingRectTests.xctest */;
			productType = "com.apple.product-type.bundle.unit-test";
		};
		467A5CC41FAECA150066CF75 /* BoundingRectUITests */ = {
			isa = PBXNativeTarget;
			buildConfigurationList = 467A5CD41FAECA150066CF75 /* Build configuration list for PBXNativeTarget "BoundingRectUITests" */;
			buildPhases = (
				467A5CC11FAECA150066CF75 /* Sources */,
				467A5CC21FAECA150066CF75 /* Frameworks */,
				467A5CC31FAECA150066CF75 /* Resources */,
			);
			buildRules = (
			);
			dependencies = (
				467A5CC71FAECA150066CF75 /* PBXTargetDependency */,
			);
			name = BoundingRectUITests;
			productName = BoundingRectUITests;
			productReference = 467A5CC51FAECA150066CF75 /* BoundingRectUITests.xctest */;
			productType = "com.apple.product-type.bundle.ui-testing";
		};
/* End PBXNativeTarget section */

/* Begin PBXProject section */
		467A5C991FAECA150066CF75 /* Project object */ = {
			isa = PBXProject;
			attributes = {
				LastUpgradeCheck = 0810;
				ORGANIZATIONNAME = HK;
				TargetAttributes = {
					467A5CA01FAECA150066CF75 = {
						CreatedOnToolsVersion = 8.1;
						ProvisioningStyle = Automatic;
					};
					467A5CB91FAECA150066CF75 = {
						CreatedOnToolsVersion = 8.1;
						ProvisioningStyle = Automatic;
						TestTargetID = 467A5CA01FAECA150066CF75;
					};
					467A5CC41FAECA150066CF75 = {
						CreatedOnToolsVersion = 8.1;
						ProvisioningStyle = Automatic;
						TestTargetID = 467A5CA01FAECA150066CF75;
					};
				};
			};
			buildConfigurationList = 467A5C9C1FAECA150066CF75 /* Build configuration list for PBXProject "BoundingRect" */;
			compatibilityVersion = "Xcode 3.2";
			developmentRegion = English;
			hasScannedForEncodings = 0;
			knownRegions = (
				en,
				Base,
			);
			mainGroup = 467A5C981FAECA150066CF75;
			productRefGroup = 467A5CA21FAECA150066CF75 /* Products */;
			projectDirPath = "";
			projectRoot = "";
			targets = (
				467A5CA01FAECA150066CF75 /* BoundingRect */,
				467A5CB91FAECA150066CF75 /* BoundingRectTests */,
				467A5CC41FAECA150066CF75 /* BoundingRectUITests */,
			);
		};
/* End PBXProject section */

/* Begin PBXResourcesBuildPhase section */
		467A5C9F1FAECA150066CF75 /* Resources */ = {
			isa = PBXResourcesBuildPhase;
			buildActionMask = 2147483647;
			files = (
				467A5CB41FAECA150066CF75 /* LaunchScreen.storyboard in Resources */,
				467A5CB11FAECA150066CF75 /* Assets.xcassets in Resources */,
				467A5CAF1FAECA150066CF75 /* Main.storyboard in Resources */,
			);
			runOnlyForDeploymentPostprocessing = 0;
		};
		467A5CB81FAECA150066CF75 /* Resources */ = {
			isa = PBXResourcesBuildPhase;
			buildActionMask = 2147483647;
			files = (
			);
			runOnlyForDeploymentPostprocessing = 0;
		};
		467A5CC31FAECA150066CF75 /* Resources */ = {
			isa = PBXResourcesBuildPhase;
			buildActionMask = 2147483647;
			files = (
			);
			runOnlyForDeploymentPostprocessing = 0;
		};
/* End PBXResourcesBuildPhase section */

/* Begin PBXSourcesBuildPhase section */
		467A5C9D1FAECA150066CF75 /* Sources */ = {
			isa = PBXSourcesBuildPhase;
			buildActionMask = 2147483647;
			files = (
				467A5CAC1FAECA150066CF75 /* ViewController.m in Sources */,
				467A5CDB1FAECA6A0066CF75 /* NSAttributedString+BoundingRect.m in Sources */,
				467A5CDC1FAECA6A0066CF75 /* NSString+BoundingRect.m in Sources */,
				467A5CA91FAECA150066CF75 /* AppDelegate.m in Sources */,
				467A5CA61FAECA150066CF75 /* main.m in Sources */,
			);
			runOnlyForDeploymentPostprocessing = 0;
		};
		467A5CB61FAECA150066CF75 /* Sources */ = {
			isa = PBXSourcesBuildPhase;
			buildActionMask = 2147483647;
			files = (
				467A5CBF1FAECA150066CF75 /* BoundingRectTests.m in Sources */,
			);
			runOnlyForDeploymentPostprocessing = 0;
		};
		467A5CC11FAECA150066CF75 /* Sources */ = {
			isa = PBXSourcesBuildPhase;
			buildActionMask = 2147483647;
			files = (
				467A5CCA1FAECA150066CF75 /* BoundingRectUITests.m in Sources */,
			);
			runOnlyForDeploymentPostprocessing = 0;
		};
/* End PBXSourcesBuildPhase section */

/* Begin PBXTargetDependency section */
		467A5CBC1FAECA150066CF75 /* PBXTargetDependency */ = {
			isa = PBXTargetDependency;
			target = 467A5CA01FAECA150066CF75 /* BoundingRect */;
			targetProxy = 467A5CBB1FAECA150066CF75 /* PBXContainerItemProxy */;
		};
		467A5CC71FAECA150066CF75 /* PBXTargetDependency */ = {
			isa = PBXTargetDependency;
			target = 467A5CA01FAECA150066CF75 /* BoundingRect */;
			targetProxy = 467A5CC61FAECA150066CF75 /* PBXContainerItemProxy */;
		};
/* End PBXTargetDependency section */

/* Begin PBXVariantGroup section */
		467A5CAD1FAECA150066CF75 /* Main.storyboard */ = {
			isa = PBXVariantGroup;
			children = (
				467A5CAE1FAECA150066CF75 /* Base */,
			);
			name = Main.storyboard;
			sourceTree = "<group>";
		};
		467A5CB21FAECA150066CF75 /* LaunchScreen.storyboard */ = {
			isa = PBXVariantGroup;
			children = (
				467A5CB31FAECA150066CF75 /* Base */,
			);
			name = LaunchScreen.storyboard;
			sourceTree = "<group>";
		};
/* End PBXVariantGroup section */

/* Begin XCBuildConfiguration section */
		467A5CCC1FAECA150066CF75 /* Debug */ = {
			isa = XCBuildConfiguration;
			buildSettings = {
				ALWAYS_SEARCH_USER_PATHS = NO;
				CLANG_ANALYZER_NONNULL = YES;
				CLANG_CXX_LANGUAGE_STANDARD = "gnu++0x";
				CLANG_CXX_LIBRARY = "libc++";
				CLANG_ENABLE_MODULES = YES;
				CLANG_ENABLE_OBJC_ARC = YES;
				CLANG_WARN_BOOL_CONVERSION = YES;
				CLANG_WARN_CONSTANT_CONVERSION = YES;
				CLANG_WARN_DIRECT_OBJC_ISA_USAGE = YES_ERROR;
				CLANG_WARN_DOCUMENTATION_COMMENTS = YES;
				CLANG_WARN_EMPTY_BODY = YES;
				CLANG_WARN_ENUM_CONVERSION = YES;
				CLANG_WARN_INFINITE_RECURSION = YES;
				CLANG_WARN_INT_CONVERSION = YES;
				CLANG_WARN_OBJC_ROOT_CLASS = YES_ERROR;
				CLANG_WARN_SUSPICIOUS_MOVES = YES;
				CLANG_WARN_UNREACHABLE_CODE = YES;
				CLANG_WARN__DUPLICATE_METHOD_MATCH = YES;
				"CODE_SIGN_IDENTITY[sdk=iphoneos*]" = "iPhone Developer";
				COPY_PHASE_STRIP = NO;
				DEBUG_INFORMATION_FORMAT = dwarf;
				ENABLE_STRICT_OBJC_MSGSEND = YES;
				ENABLE_TESTABILITY = YES;
				GCC_C_LANGUAGE_STANDARD = gnu99;
				GCC_DYNAMIC_NO_PIC = NO;
				GCC_NO_COMMON_BLOCKS = YES;
				GCC_OPTIMIZATION_LEVEL = 0;
				GCC_PREPROCESSOR_DEFINITIONS = (
					"DEBUG=1",
					"$(inherited)",
				);
				GCC_WARN_64_TO_32_BIT_CONVERSION = YES;
				GCC_WARN_ABOUT_RETURN_TYPE = YES_ERROR;
				GCC_WARN_UNDECLARED_SELECTOR = YES;
				GCC_WARN_UNINITIALIZED_AUTOS = YES_AGGRESSIVE;
				GCC_WARN_UNUSED_FUNCTION = YES;
				GCC_WARN_UNUSED_VARIABLE = YES;
				IPHONEOS_DEPLOYMENT_TARGET = 10.1;
				MTL_ENABLE_DEBUG_INFO = YES;
				ONLY_ACTIVE_ARCH = YES;
				SDKROOT = iphoneos;
				TARGETED_DEVICE_FAMILY = "1,2";
			};
			name = Debug;
		};
		467A5CCD1FAECA150066CF75 /* Release */ = {
			isa = XCBuildConfiguration;
			buildSettings = {
				ALWAYS_SEARCH_USER_PATHS = NO;
				CLANG_ANALYZER_NONNULL = YES;
				CLANG_CXX_LANGUAGE_STANDARD = "gnu++0x";
				CLANG_CXX_LIBRARY = "libc++";
				CLANG_ENABLE_MODULES = YES;
				CLANG_ENABLE_OBJC_ARC = YES;
				CLANG_WARN_BOOL_CONVERSION = YES;
				CLANG_WARN_CONSTANT_CONVERSION = YES;
				CLANG_WARN_DIRECT_OBJC_ISA_USAGE = YES_ERROR;
				CLANG_WARN_DOCUMENTATION_COMMENTS = YES;
				CLANG_WARN_EMPTY_BODY = YES;
				CLANG_WARN_ENUM_CONVERSION = YES;
				CLANG_WARN_INFINITE_RECURSION = YES;
				CLANG_WARN_INT_CONVERSION = YES;
				CLANG_WARN_OBJC_ROOT_CLASS = YES_ERROR;
				CLANG_WARN_SUSPICIOUS_MOVES = YES;
				CLANG_WARN_UNREACHABLE_CODE = YES;
				CLANG_WARN__DUPLICATE_METHOD_MATCH = YES;
				"CODE_SIGN_IDENTITY[sdk=iphoneos*]" = "iPhone Developer";
				COPY_PHASE_STRIP = NO;
				DEBUG_INFORMATION_FORMAT = "dwarf-with-dsym";
				ENABLE_NS_ASSERTIONS = NO;
				ENABLE_STRICT_OBJC_MSGSEND = YES;
				GCC_C_LANGUAGE_STANDARD = gnu99;
				GCC_NO_COMMON_BLOCKS = YES;
				GCC_WARN_64_TO_32_BIT_CONVERSION = YES;
				GCC_WARN_ABOUT_RETURN_TYPE = YES_ERROR;
				GCC_WARN_UNDECLARED_SELECTOR = YES;
				GCC_WARN_UNINITIALIZED_AUTOS = YES_AGGRESSIVE;
				GCC_WARN_UNUSED_FUNCTION = YES;
				GCC_WARN_UNUSED_VARIABLE = YES;
				IPHONEOS_DEPLOYMENT_TARGET = 10.1;
				MTL_ENABLE_DEBUG_INFO = NO;
				SDKROOT = iphoneos;
				TARGETED_DEVICE_FAMILY = "1,2";
				VALIDATE_PRODUCT = YES;
			};
			name = Release;
		};
		467A5CCF1FAECA150066CF75 /* Debug */ = {
			isa = XCBuildConfiguration;
			buildSettings = {
				ASSETCATALOG_COMPILER_APPICON_NAME = AppIcon;
				INFOPLIST_FILE = BoundingRect/Info.plist;
				LD_RUNPATH_SEARCH_PATHS = "$(inherited) @executable_path/Frameworks";
				PRODUCT_BUNDLE_IDENTIFIER = hkz.BoundingRect;
				PRODUCT_NAME = "$(TARGET_NAME)";
			};
			name = Debug;
		};
		467A5CD01FAECA150066CF75 /* Release */ = {
			isa = XCBuildConfiguration;
			buildSettings = {
				ASSETCATALOG_COMPILER_APPICON_NAME = AppIcon;
				INFOPLIST_FILE = BoundingRect/Info.plist;
				LD_RUNPATH_SEARCH_PATHS = "$(inherited) @executable_path/Frameworks";
				PRODUCT_BUNDLE_IDENTIFIER = hkz.BoundingRect;
				PRODUCT_NAME = "$(TARGET_NAME)";
			};
			name = Release;
		};
		467A5CD21FAECA150066CF75 /* Debug */ = {
			isa = XCBuildConfiguration;
			buildSettings = {
				BUNDLE_LOADER = "$(TEST_HOST)";
				INFOPLIST_FILE = BoundingRectTests/Info.plist;
				LD_RUNPATH_SEARCH_PATHS = "$(inherited) @executable_path/Frameworks @loader_path/Frameworks";
				PRODUCT_BUNDLE_IDENTIFIER = hkz.BoundingRectTests;
				PRODUCT_NAME = "$(TARGET_NAME)";
				TEST_HOST = "$(BUILT_PRODUCTS_DIR)/BoundingRect.app/BoundingRect";
			};
			name = Debug;
		};
		467A5CD31FAECA150066CF75 /* Release */ = {
			isa = XCBuildConfiguration;
			buildSettings = {
				BUNDLE_LOADER = "$(TEST_HOST)";
				INFOPLIST_FILE = BoundingRectTests/Info.plist;
				LD_RUNPATH_SEARCH_PATHS = "$(inherited) @executable_path/Frameworks @loader_path/Frameworks";
				PRODUCT_BUNDLE_IDENTIFIER = hkz.BoundingRectTests;
				PRODUCT_NAME = "$(TARGET_NAME)";
				TEST_HOST = "$(BUILT_PRODUCTS_DIR)/BoundingRect.app/BoundingRect";
			};
			name = Release;
		};
		467A5CD51FAECA150066CF75 /* Debug */ = {
			isa = XCBuildConfiguration;
			buildSettings = {
				INFOPLIST_FILE = BoundingRectUITests/Info.plist;
				LD_RUNPATH_SEARCH_PATHS = "$(inherited) @executable_path/Frameworks @loader_path/Frameworks";
				PRODUCT_BUNDLE_IDENTIFIER = hkz.BoundingRectUITests;
				PRODUCT_NAME = "$(TARGET_NAME)";
				TEST_TARGET_NAME = BoundingRect;
			};
			name = Debug;
		};
		467A5CD61FAECA150066CF75 /* Release */ = {
			isa = XCBuildConfiguration;
			buildSettings = {
				INFOPLIST_FILE = BoundingRectUITests/Info.plist;
				LD_RUNPATH_SEARCH_PATHS = "$(inherited) @executable_path/Frameworks @loader_path/Frameworks";
				PRODUCT_BUNDLE_IDENTIFIER = hkz.BoundingRectUITests;
				PRODUCT_NAME = "$(TARGET_NAME)";
				TEST_TARGET_NAME = BoundingRect;
			};
			name = Release;
		};
/* End XCBuildConfiguration section */

/* Begin XCConfigurationList section */
		467A5C9C1FAECA150066CF75 /* Build configuration list for PBXProject "BoundingRect" */ = {
			isa = XCConfigurationList;
			buildConfigurations = (
				467A5CCC1FAECA150066CF75 /* Debug */,
				467A5CCD1FAECA150066CF75 /* Release */,
			);
			defaultConfigurationIsVisible = 0;
			defaultConfigurationName = Release;
		};
		467A5CCE1FAECA150066CF75 /* Build configuration list for PBXNativeTarget "BoundingRect" */ = {
			isa = XCConfigurationList;
			buildConfigurations = (
				467A5CCF1FAECA150066CF75 /* Debug */,
				467A5CD01FAECA150066CF75 /* Release */,
			);
			defaultConfigurationIsVisible = 0;
		};
		467A5CD11FAECA150066CF75 /* Build configuration list for PBXNativeTarget "BoundingRectTests" */ = {
			isa = XCConfigurationList;
			buildConfigurations = (
				467A5CD21FAECA150066CF75 /* Debug */,
				467A5CD31FAECA150066CF75 /* Release */,
			);
			defaultConfigurationIsVisible = 0;
		};
		467A5CD41FAECA150066CF75 /* Build configuration list for PBXNativeTarget "BoundingRectUITests" */ = {
			isa = XCConfigurationList;
			buildConfigurations = (
				467A5CD51FAECA150066CF75 /* Debug */,
				467A5CD61FAECA150066CF75 /* Release */,
			);
			defaultConfigurationIsVisible = 0;
		};
/* End XCConfigurationList section */
	};
	rootObject = 467A5C991FAECA150066CF75 /* Project object */;
}
